
Microsoft Visual Studio Solution File, Format Version 12.00
# Visual Studio 15
VisualStudioVersion = 15.0.27130.2027
MinimumVisualStudioVersion = 10.0.40219.1
Project("{FAE04EC0-301F-11D3-BF4B-00C04F79EFBC}") = "WeatherApp.Android", "WeatherApp\WeatherApp.Android\WeatherApp.Android.csproj", "{BF974B24-D6A6-416B-A83F-4FD88A404608}"
EndProject
Project("{FAE04EC0-301F-11D3-BF4B-00C04F79EFBC}") = "WeatherApp.iOS", "WeatherApp\WeatherApp.iOS\WeatherApp.iOS.csproj", "{343A6E4F-3309-4297-ABB6-C939E94728D3}"
EndProject
Project("{FAE04EC0-301F-11D3-BF4B-00C04F79EFBC}") = "WeatherApp.UWP", "WeatherApp\WeatherApp.UWP\WeatherApp.UWP.csproj", "{DEE7EC8B-5931-4A72-A6C9-9B84A2D37794}"
EndProject
Project("{FAE04EC0-301F-11D3-BF4B-00C04F79EFBC}") = "WeatherApp", "WeatherApp\WeatherApp\WeatherApp.csproj", "{D8FE7450-CF58-4DF1-87CE-1B013A852418}"
EndProject
Global
	GlobalSection(SolutionConfigurationPlatforms) = preSolution
		Ad-Hoc|Any CPU = Ad-Hoc|Any CPU
		Ad-Hoc|ARM = Ad-Hoc|ARM
		Ad-Hoc|iPhone = Ad-Hoc|iPhone
		Ad-Hoc|iPhoneSimulator = Ad-Hoc|iPhoneSimulator
		Ad-Hoc|x64 = Ad-Hoc|x64
		Ad-Hoc|x86 = Ad-Hoc|x86
		AppStore|Any CPU = AppStore|Any CPU
		AppStore|ARM = AppStore|ARM
		AppStore|iPhone = AppStore|iPhone
		AppStore|iPhoneSimulator = AppStore|iPhoneSimulator
		AppStore|x64 = AppStore|x64
		AppStore|x86 = AppStore|x86
		Debug|Any CPU = Debug|Any CPU
		Debug|ARM = Debug|ARM
		Debug|iPhone = Debug|iPhone
		Debug|iPhoneSimulator = Debug|iPhoneSimulator
		Debug|x64 = Debug|x64
		Debug|x86 = Debug|x86
		Release|Any CPU = Release|Any CPU
		Release|ARM = Release|ARM
		Release|iPhone = Release|iPhone
		Release|iPhoneSimulator = Release|iPhoneSimulator
		Release|x64 = Release|x64
		Release|x86 = Release|x86
	EndGlobalSection
	GlobalSection(ProjectConfigurationPlatforms) = postSolution
		{BF974B24-D6A6-416B-A83F-4FD88A404608}.Ad-Hoc|Any CPU.ActiveCfg = Release|Any CPU
		{BF974B24-D6A6-416B-A83F-4FD88A404608}.Ad-Hoc|Any CPU.Build.0 = Release|Any CPU
		{BF974B24-D6A6-416B-A83F-4FD88A404608}.Ad-Hoc|Any CPU.Deploy.0 = Release|Any CPU
		{BF974B24-D6A6-416B-A83F-4FD88A404608}.Ad-Hoc|ARM.ActiveCfg = Release|Any CPU
		{BF974B24-D6A6-416B-A83F-4FD88A404608}.Ad-Hoc|ARM.Build.0 = Release|Any CPU
		{BF974B24-D6A6-416B-A83F-4FD88A404608}.Ad-Hoc|ARM.Deploy.0 = Release|Any CPU
		{BF974B24-D6A6-416B-A83F-4FD88A404608}.Ad-Hoc|iPhone.ActiveCfg = Release|Any CPU
		{BF974B24-D6A6-416B-A83F-4FD88A404608}.Ad-Hoc|iPhone.Build.0 = Release|Any CPU
		{BF974B24-D6A6-416B-A83F-4FD88A404608}.Ad-Hoc|iPhone.Deploy.0 = Release|Any CPU
		{BF974B24-D6A6-416B-A83F-4FD88A404608}.Ad-Hoc|iPhoneSimulator.ActiveCfg = Release|Any CPU
		{BF974B24-D6A6-416B-A83F-4FD88A404608}.Ad-Hoc|iPhoneSimulator.Build.0 = Release|Any CPU
		{BF974B24-D6A6-416B-A83F-4FD88A404608}.Ad-Hoc|iPhoneSimulator.Deploy.0 = Release|Any CPU
		{BF974B24-D6A6-416B-A83F-4FD88A404608}.Ad-Hoc|x64.ActiveCfg = Release|Any CPU
		{BF974B24-D6A6-416B-A83F-4FD88A404608}.Ad-Hoc|x64.Build.0 = Release|Any CPU
		{BF974B24-D6A6-416B-A83F-4FD88A404608}.Ad-Hoc|x64.Deploy.0 = Release|Any CPU
		{BF974B24-D6A6-416B-A83F-4FD88A404608}.Ad-Hoc|x86.ActiveCfg = Release|Any CPU
		{BF974B24-D6A6-416B-A83F-4FD88A404608}.Ad-Hoc|x86.Build.0 = Release|Any CPU
		{BF974B24-D6A6-416B-A83F-4FD88A404608}.Ad-Hoc|x86.Deploy.0 = Release|Any CPU
		{BF974B24-D6A6-416B-A83F-4FD88A404608}.AppStore|Any CPU.ActiveCfg = Release|Any CPU
		{BF974B24-D6A6-416B-A83F-4FD88A404608}.AppStore|Any CPU.Build.0 = Release|Any CPU
		{BF974B24-D6A6-416B-A83F-4FD88A404608}.AppStore|Any CPU.Deploy.0 = Release|Any CPU
		{BF974B24-D6A6-416B-A83F-4FD88A404608}.AppStore|ARM.ActiveCfg = Release|Any CPU
		{BF974B24-D6A6-416B-A83F-4FD88A404608}.AppStore|ARM.Build.0 = Release|Any CPU
		{BF974B24-D6A6-416B-A83F-4FD88A404608}.AppStore|ARM.Deploy.0 = Release|Any CPU
		{BF974B24-D6A6-416B-A83F-4FD88A404608}.AppStore|iPhone.ActiveCfg = Release|Any CPU
		{BF974B24-D6A6-416B-A83F-4FD88A404608}.AppStore|iPhone.Build.0 = Release|Any CPU
		{BF974B24-D6A6-416B-A83F-4FD88A404608}.AppStore|iPhone.Deploy.0 = Release|Any CPU
		{BF974B24-D6A6-416B-A83F-4FD88A404608}.AppStore|iPhoneSimulator.ActiveCfg = Release|Any CPU
		{BF974B24-D6A6-416B-A83F-4FD88A404608}.AppStore|iPhoneSimulator.Build.0 = Release|Any CPU
		{BF974B24-D6A6-416B-A83F-4FD88A404608}.AppStore|iPhoneSimulator.Deploy.0 = Release|Any CPU
		{BF974B24-D6A6-416B-A83F-4FD88A404608}.AppStore|x64.ActiveCfg = Release|Any CPU
		{BF974B24-D6A6-416B-A83F-4FD88A404608}.AppStore|x64.Build.0 = Release|Any CPU
		{BF974B24-D6A6-416B-A83F-4FD88A404608}.AppStore|x64.Deploy.0 = Release|Any CPU
		{BF974B24-D6A6-416B-A83F-4FD88A404608}.AppStore|x86.ActiveCfg = Release|Any CPU
		{BF974B24-D6A6-416B-A83F-4FD88A404608}.AppStore|x86.Build.0 = Release|Any CPU
		{BF974B24-D6A6-416B-A83F-4FD88A404608}.AppStore|x86.Deploy.0 = Release|Any CPU
		{BF974B24-D6A6-416B-A83F-4FD88A404608}.Debug|Any CPU.ActiveCfg = Debug|Any CPU
		{BF974B24-D6A6-416B-A83F-4FD88A404608}.Debug|Any CPU.Build.0 = Debug|Any CPU
		{BF974B24-D6A6-416B-A83F-4FD88A404608}.Debug|Any CPU.Deploy.0 = Debug|Any CPU
		{BF974B24-D6A6-416B-A83F-4FD88A404608}.Debug|ARM.ActiveCfg = Debug|Any CPU
		{BF974B24-D6A6-416B-A83F-4FD88A404608}.Debug|ARM.Build.0 = Debug|Any CPU
		{BF974B24-D6A6-416B-A83F-4FD88A404608}.Debug|ARM.Deploy.0 = Debug|Any CPU
		{BF974B24-D6A6-416B-A83F-4FD88A404608}.Debug|iPhone.ActiveCfg = Debug|Any CPU
		{BF974B24-D6A6-416B-A83F-4FD88A404608}.Debug|iPhone.Build.0 = Debug|Any CPU
		{BF974B24-D6A6-416B-A83F-4FD88A404608}.Debug|iPhone.Deploy.0 = Debug|Any CPU
		{BF974B24-D6A6-416B-A83F-4FD88A404608}.Debug|iPhoneSimulator.ActiveCfg = Debug|Any CPU
		{BF974B24-D6A6-416B-A83F-4FD88A404608}.Debug|iPhoneSimulator.Build.0 = Debug|Any CPU
		{BF974B24-D6A6-416B-A83F-4FD88A404608}.Debug|iPhoneSimulator.Deploy.0 = Debug|Any CPU
		{BF974B24-D6A6-416B-A83F-4FD88A404608}.Debug|x64.ActiveCfg = Debug|Any CPU
		{BF974B24-D6A6-416B-A83F-4FD88A404608}.Debug|x64.Build.0 = Debug|Any CPU
		{BF974B24-D6A6-416B-A83F-4FD88A404608}.Debug|x64.Deploy.0 = Debug|Any CPU
		{BF974B24-D6A6-416B-A83F-4FD88A404608}.Debug|x86.ActiveCfg = Debug|Any CPU
		{BF974B24-D6A6-416B-A83F-4FD88A404608}.Debug|x86.Build.0 = Debug|Any CPU
		{BF974B24-D6A6-416B-A83F-4FD88A404608}.Debug|x86.Deploy.0 = Debug|Any CPU
		{BF974B24-D6A6-416B-A83F-4FD88A404608}.Release|Any CPU.ActiveCfg = Release|Any CPU
		{BF974B24-D6A6-416B-A83F-4FD88A404608}.Release|Any CPU.Build.0 = Release|Any CPU
		{BF974B24-D6A6-416B-A83F-4FD88A404608}.Release|Any CPU.Deploy.0 = Release|Any CPU
		{BF974B24-D6A6-416B-A83F-4FD88A404608}.Release|ARM.ActiveCfg = Release|Any CPU
		{BF974B24-D6A6-416B-A83F-4FD88A404608}.Release|ARM.Build.0 = Release|Any CPU
		{BF974B24-D6A6-416B-A83F-4FD88A404608}.Release|ARM.Deploy.0 = Release|Any CPU
		{BF974B24-D6A6-416B-A83F-4FD88A404608}.Release|iPhone.ActiveCfg = Release|Any CPU
		{BF974B24-D6A6-416B-A83F-4FD88A404608}.Release|iPhone.Build.0 = Release|Any CPU
		{BF974B24-D6A6-416B-A83F-4FD88A404608}.Release|iPhone.Deploy.0 = Release|Any CPU
		{BF974B24-D6A6-416B-A83F-4FD88A404608}.Release|iPhoneSimulator.ActiveCfg = Release|Any CPU
		{BF974B24-D6A6-416B-A83F-4FD88A404608}.Release|iPhoneSimulator.Build.0 = Release|Any CPU
		{BF974B24-D6A6-416B-A83F-4FD88A404608}.Release|iPhoneSimulator.Deploy.0 = Release|Any CPU
		{BF974B24-D6A6-416B-A83F-4FD88A404608}.Release|x64.ActiveCfg = Release|Any CPU
		{BF974B24-D6A6-416B-A83F-4FD88A404608}.Release|x64.Build.0 = Release|Any CPU
		{BF974B24-D6A6-416B-A83F-4FD88A404608}.Release|x64.Deploy.0 = Release|Any CPU
		{BF974B24-D6A6-416B-A83F-4FD88A404608}.Release|x86.ActiveCfg = Release|Any CPU
		{BF974B24-D6A6-416B-A83F-4FD88A404608}.Release|x86.Build.0 = Release|Any CPU
		{BF974B24-D6A6-416B-A83F-4FD88A404608}.Release|x86.Deploy.0 = Release|Any CPU
		{343A6E4F-3309-4297-ABB6-C939E94728D3}.Ad-Hoc|Any CPU.ActiveCfg = Ad-Hoc|iPhone
		{343A6E4F-3309-4297-ABB6-C939E94728D3}.Ad-Hoc|ARM.ActiveCfg = Ad-Hoc|iPhone
		{343A6E4F-3309-4297-ABB6-C939E94728D3}.Ad-Hoc|iPhone.ActiveCfg = Ad-Hoc|iPhone
		{343A6E4F-3309-4297-ABB6-C939E94728D3}.Ad-Hoc|iPhone.Build.0 = Ad-Hoc|iPhone
		{343A6E4F-3309-4297-ABB6-C939E94728D3}.Ad-Hoc|iPhoneSimulator.ActiveCfg = Ad-Hoc|iPhoneSimulator
		{343A6E4F-3309-4297-ABB6-C939E94728D3}.Ad-Hoc|iPhoneSimulator.Build.0 = Ad-Hoc|iPhoneSimulator
		{343A6E4F-3309-4297-ABB6-C939E94728D3}.Ad-Hoc|x64.ActiveCfg = Ad-Hoc|iPhone
		{343A6E4F-3309-4297-ABB6-C939E94728D3}.Ad-Hoc|x86.ActiveCfg = Ad-Hoc|iPhone
		{343A6E4F-3309-4297-ABB6-C939E94728D3}.AppStore|Any CPU.ActiveCfg = AppStore|iPhone
		{343A6E4F-3309-4297-ABB6-C939E94728D3}.AppStore|ARM.ActiveCfg = AppStore|iPhone
		{343A6E4F-3309-4297-ABB6-C939E94728D3}.AppStore|iPhone.ActiveCfg = AppStore|iPhone
		{343A6E4F-3309-4297-ABB6-C939E94728D3}.AppStore|iPhone.Build.0 = AppStore|iPhone
		{343A6E4F-3309-4297-ABB6-C939E94728D3}.AppStore|iPhoneSimulator.ActiveCfg = AppStore|iPhoneSimulator
		{343A6E4F-3309-4297-ABB6-C939E94728D3}.AppStore|iPhoneSimulator.Build.0 = AppStore|iPhoneSimulator
		{343A6E4F-3309-4297-ABB6-C939E94728D3}.AppStore|x64.ActiveCfg = AppStore|iPhone
		{343A6E4F-3309-4297-ABB6-C939E94728D3}.AppStore|x86.ActiveCfg = AppStore|iPhone
		{343A6E4F-3309-4297-ABB6-C939E94728D3}.Debug|Any CPU.ActiveCfg = Debug|iPhone
		{343A6E4F-3309-4297-ABB6-C939E94728D3}.Debug|ARM.ActiveCfg = Debug|iPhone
		{343A6E4F-3309-4297-ABB6-C939E94728D3}.Debug|iPhone.ActiveCfg = Debug|iPhone
		{343A6E4F-3309-4297-ABB6-C939E94728D3}.Debug|iPhone.Build.0 = Debug|iPhone
		{343A6E4F-3309-4297-ABB6-C939E94728D3}.Debug|iPhoneSimulator.ActiveCfg = Debug|iPhoneSimulator
		{343A6E4F-3309-4297-ABB6-C939E94728D3}.Debug|iPhoneSimulator.Build.0 = Debug|iPhoneSimulator
		{343A6E4F-3309-4297-ABB6-C939E94728D3}.Debug|x64.ActiveCfg = Debug|iPhone
		{343A6E4F-3309-4297-ABB6-C939E94728D3}.Debug|x86.ActiveCfg = Debug|iPhone
		{343A6E4F-3309-4297-ABB6-C939E94728D3}.Release|Any CPU.ActiveCfg = Release|iPhone
		{343A6E4F-3309-4297-ABB6-C939E94728D3}.Release|ARM.ActiveCfg = Release|iPhone
		{343A6E4F-3309-4297-ABB6-C939E94728D3}.Release|iPhone.ActiveCfg = Release|iPhone
		{343A6E4F-3309-4297-ABB6-C939E94728D3}.Release|iPhone.Build.0 = Release|iPhone
		{343A6E4F-3309-4297-ABB6-C939E94728D3}.Release|iPhoneSimulator.ActiveCfg = Release|iPhoneSimulator
		{343A6E4F-3309-4297-ABB6-C939E94728D3}.Release|iPhoneSimulator.Build.0 = Release|iPhoneSimulator
		{343A6E4F-3309-4297-ABB6-C939E94728D3}.Release|x64.ActiveCfg = Release|iPhone
		{343A6E4F-3309-4297-ABB6-C939E94728D3}.Release|x86.ActiveCfg = Release|iPhone
		{DEE7EC8B-5931-4A72-A6C9-9B84A2D37794}.Ad-Hoc|Any CPU.ActiveCfg = Release|x86
		{DEE7EC8B-5931-4A72-A6C9-9B84A2D37794}.Ad-Hoc|Any CPU.Build.0 = Release|x86
		{DEE7EC8B-5931-4A72-A6C9-9B84A2D37794}.Ad-Hoc|Any CPU.Deploy.0 = Release|x86
		{DEE7EC8B-5931-4A72-A6C9-9B84A2D37794}.Ad-Hoc|ARM.ActiveCfg = Release|ARM
		{DEE7EC8B-5931-4A72-A6C9-9B84A2D37794}.Ad-Hoc|ARM.Build.0 = Release|ARM
		{DEE7EC8B-5931-4A72-A6C9-9B84A2D37794}.Ad-Hoc|ARM.Deploy.0 = Release|ARM
		{DEE7EC8B-5931-4A72-A6C9-9B84A2D37794}.Ad-Hoc|iPhone.ActiveCfg = Release|x86
		{DEE7EC8B-5931-4A72-A6C9-9B84A2D37794}.Ad-Hoc|iPhone.Build.0 = Release|x86
		{DEE7EC8B-5931-4A72-A6C9-9B84A2D37794}.Ad-Hoc|iPhone.Deploy.0 = Release|x86
		{DEE7EC8B-5931-4A72-A6C9-9B84A2D37794}.Ad-Hoc|iPhoneSimulator.ActiveCfg = Release|x86
		{DEE7EC8B-5931-4A72-A6C9-9B84A2D37794}.Ad-Hoc|iPhoneSimulator.Build.0 = Release|x86
		{DEE7EC8B-5931-4A72-A6C9-9B84A2D37794}.Ad-Hoc|iPhoneSimulator.Deploy.0 = Release|x86
		{DEE7EC8B-5931-4A72-A6C9-9B84A2D37794}.Ad-Hoc|x64.ActiveCfg = Release|x64
		{DEE7EC8B-5931-4A72-A6C9-9B84A2D37794}.Ad-Hoc|x64.Build.0 = Release|x64
		{DEE7EC8B-5931-4A72-A6C9-9B84A2D37794}.Ad-Hoc|x64.Deploy.0 = Release|x64
		{DEE7EC8B-5931-4A72-A6C9-9B84A2D37794}.Ad-Hoc|x86.ActiveCfg = Release|x86
		{DEE7EC8B-5931-4A72-A6C9-9B84A2D37794}.Ad-Hoc|x86.Build.0 = Release|x86
		{DEE7EC8B-5931-4A72-A6C9-9B84A2D37794}.Ad-Hoc|x86.Deploy.0 = Release|x86
		{DEE7EC8B-5931-4A72-A6C9-9B84A2D37794}.AppStore|Any CPU.ActiveCfg = Release|x86
		{DEE7EC8B-5931-4A72-A6C9-9B84A2D37794}.AppStore|Any CPU.Build.0 = Release|x86
		{DEE7EC8B-5931-4A72-A6C9-9B84A2D37794}.AppStore|Any CPU.Deploy.0 = Release|x86
		{DEE7EC8B-5931-4A72-A6C9-9B84A2D37794}.AppStore|ARM.ActiveCfg = Release|ARM
		{DEE7EC8B-5931-4A72-A6C9-9B84A2D37794}.AppStore|ARM.Build.0 = Release|ARM
		{DEE7EC8B-5931-4A72-A6C9-9B84A2D37794}.AppStore|ARM.Deploy.0 = Release|ARM
		{DEE7EC8B-5931-4A72-A6C9-9B84A2D37794}.AppStore|iPhone.ActiveCfg = Release|x86
		{DEE7EC8B-5931-4A72-A6C9-9B84A2D37794}.AppStore|iPhone.Build.0 = Release|x86
		{DEE7EC8B-5931-4A72-A6C9-9B84A2D37794}.AppStore|iPhone.Deploy.0 = Release|x86
		{DEE7EC8B-5931-4A72-A6C9-9B84A2D37794}.AppStore|iPhoneSimulator.ActiveCfg = Release|x86
		{DEE7EC8B-5931-4A72-A6C9-9B84A2D37794}.AppStore|iPhoneSimulator.Build.0 = Release|x86
		{DEE7EC8B-5931-4A72-A6C9-9B84A2D37794}.AppStore|iPhoneSimulator.Deploy.0 = Release|x86
		{DEE7EC8B-5931-4A72-A6C9-9B84A2D37794}.AppStore|x64.ActiveCfg = Release|x64
		{DEE7EC8B-5931-4A72-A6C9-9B84A2D37794}.AppStore|x64.Build.0 = Release|x64
		{DEE7EC8B-5931-4A72-A6C9-9B84A2D37794}.AppStore|x64.Deploy.0 = Release|x64
		{DEE7EC8B-5931-4A72-A6C9-9B84A2D37794}.AppStore|x86.ActiveCfg = Release|x86
		{DEE7EC8B-5931-4A72-A6C9-9B84A2D37794}.AppStore|x86.Build.0 = Release|x86
		{DEE7EC8B-5931-4A72-A6C9-9B84A2D37794}.AppStore|x86.Deploy.0 = Release|x86
		{DEE7EC8B-5931-4A72-A6C9-9B84A2D37794}.Debug|Any CPU.ActiveCfg = Debug|x86
		{DEE7EC8B-5931-4A72-A6C9-9B84A2D37794}.Debug|ARM.ActiveCfg = Debug|ARM
		{DEE7EC8B-5931-4A72-A6C9-9B84A2D37794}.Debug|ARM.Build.0 = Debug|ARM
		{DEE7EC8B-5931-4A72-A6C9-9B84A2D37794}.Debug|ARM.Deploy.0 = Debug|ARM
		{DEE7EC8B-5931-4A72-A6C9-9B84A2D37794}.Debug|iPhone.ActiveCfg = Debug|x86
		{DEE7EC8B-5931-4A72-A6C9-9B84A2D37794}.Debug|iPhoneSimulator.ActiveCfg = Debug|x86
		{DEE7EC8B-5931-4A72-A6C9-9B84A2D37794}.Debug|x64.ActiveCfg = Debug|x64
		{DEE7EC8B-5931-4A72-A6C9-9B84A2D37794}.Debug|x64.Build.0 = Debug|x64
		{DEE7EC8B-5931-4A72-A6C9-9B84A2D37794}.Debug|x64.Deploy.0 = Debug|x64
		{DEE7EC8B-5931-4A72-A6C9-9B84A2D37794}.Debug|x86.ActiveCfg = Debug|x86
		{DEE7EC8B-5931-4A72-A6C9-9B84A2D37794}.Debug|x86.Build.0 = Debug|x86
		{DEE7EC8B-5931-4A72-A6C9-9B84A2D37794}.Debug|x86.Deploy.0 = Debug|x86
		{DEE7EC8B-5931-4A72-A6C9-9B84A2D37794}.Release|Any CPU.ActiveCfg = Release|x86
		{DEE7EC8B-5931-4A72-A6C9-9B84A2D37794}.Release|ARM.ActiveCfg = Release|ARM
		{DEE7EC8B-5931-4A72-A6C9-9B84A2D37794}.Release|ARM.Build.0 = Release|ARM
		{DEE7EC8B-5931-4A72-A6C9-9B84A2D37794}.Release|ARM.Deploy.0 = Release|ARM
		{DEE7EC8B-5931-4A72-A6C9-9B84A2D37794}.Release|iPhone.ActiveCfg = Release|x86
		{DEE7EC8B-5931-4A72-A6C9-9B84A2D37794}.Release|iPhoneSimulator.ActiveCfg = Release|x86
		{DEE7EC8B-5931-4A72-A6C9-9B84A2D37794}.Release|x64.ActiveCfg = Release|x64
		{DEE7EC8B-5931-4A72-A6C9-9B84A2D37794}.Release|x64.Build.0 = Release|x64
		{DEE7EC8B-5931-4A72-A6C9-9B84A2D37794}.Release|x64.Deploy.0 = Release|x64
		{DEE7EC8B-5931-4A72-A6C9-9B84A2D37794}.Release|x86.ActiveCfg = Release|x86
		{DEE7EC8B-5931-4A72-A6C9-9B84A2D37794}.Release|x86.Build.0 = Release|x86
		{DEE7EC8B-5931-4A72-A6C9-9B84A2D37794}.Release|x86.Deploy.0 = Release|x86
		{D8FE7450-CF58-4DF1-87CE-1B013A852418}.Ad-Hoc|Any CPU.ActiveCfg = Debug|Any CPU
		{D8FE7450-CF58-4DF1-87CE-1B013A852418}.Ad-Hoc|Any CPU.Build.0 = Debug|Any CPU
		{D8FE7450-CF58-4DF1-87CE-1B013A852418}.Ad-Hoc|ARM.ActiveCfg = Debug|Any CPU
		{D8FE7450-CF58-4DF1-87CE-1B013A852418}.Ad-Hoc|ARM.Build.0 = Debug|Any CPU
		{D8FE7450-CF58-4DF1-87CE-1B013A852418}.Ad-Hoc|iPhone.ActiveCfg = Debug|Any CPU
		{D8FE7450-CF58-4DF1-87CE-1B013A852418}.Ad-Hoc|iPhone.Build.0 = Debug|Any CPU
		{D8FE7450-CF58-4DF1-87CE-1B013A852418}.Ad-Hoc|iPhoneSimulator.ActiveCfg = Debug|Any CPU
		{D8FE7450-CF58-4DF1-87CE-1B013A852418}.Ad-Hoc|iPhoneSimulator.Build.0 = Debug|Any CPU
		{D8FE7450-CF58-4DF1-87CE-1B013A852418}.Ad-Hoc|x64.ActiveCfg = Debug|Any CPU
		{D8FE7450-CF58-4DF1-87CE-1B013A852418}.Ad-Hoc|x64.Build.0 = Debug|Any CPU
		{D8FE7450-CF58-4DF1-87CE-1B013A852418}.Ad-Hoc|x86.ActiveCfg = Debug|Any CPU
		{D8FE7450-CF58-4DF1-87CE-1B013A852418}.Ad-Hoc|x86.Build.0 = Debug|Any CPU
		{D8FE7450-CF58-4DF1-87CE-1B013A852418}.AppStore|Any CPU.ActiveCfg = Debug|Any CPU
		{D8FE7450-CF58-4DF1-87CE-1B013A852418}.AppStore|Any CPU.Build.0 = Debug|Any CPU
		{D8FE7450-CF58-4DF1-87CE-1B013A852418}.AppStore|ARM.ActiveCfg = Debug|Any CPU
		{D8FE7450-CF58-4DF1-87CE-1B013A852418}.AppStore|ARM.Build.0 = Debug|Any CPU
		{D8FE7450-CF58-4DF1-87CE-1B013A852418}.AppStore|iPhone.ActiveCfg = Debug|Any CPU
		{D8FE7450-CF58-4DF1-87CE-1B013A852418}.AppStore|iPhone.Build.0 = Debug|Any CPU
		{D8FE7450-CF58-4DF1-87CE-1B013A852418}.AppStore|iPhoneSimulator.ActiveCfg = Debug|Any CPU
		{D8FE7450-CF58-4DF1-87CE-1B013A852418}.AppStore|iPhoneSimulator.Build.0 = Debug|Any CPU
		{D8FE7450-CF58-4DF1-87CE-1B013A852418}.AppStore|x64.ActiveCfg = Debug|Any CPU
		{D8FE7450-CF58-4DF1-87CE-1B013A852418}.AppStore|x64.Build.0 = Debug|Any CPU
		{D8FE7450-CF58-4DF1-87CE-1B013A852418}.AppStore|x86.ActiveCfg = Debug|Any CPU
		{D8FE7450-CF58-4DF1-87CE-1B013A852418}.AppStore|x86.Build.0 = Debug|Any CPU
		{D8FE7450-CF58-4DF1-87CE-1B013A852418}.Debug|Any CPU.ActiveCfg = Debug|Any CPU
		{D8FE7450-CF58-4DF1-87CE-1B013A852418}.Debug|Any CPU.Build.0 = Debug|Any CPU
		{D8FE7450-CF58-4DF1-87CE-1B013A852418}.Debug|ARM.ActiveCfg = Debug|Any CPU
		{D8FE7450-CF58-4DF1-87CE-1B013A852418}.Debug|ARM.Build.0 = Debug|Any CPU
		{D8FE7450-CF58-4DF1-87CE-1B013A852418}.Debug|iPhone.ActiveCfg = Debug|Any CPU
		{D8FE7450-CF58-4DF1-87CE-1B013A852418}.Debug|iPhone.Build.0 = Debug|Any CPU
		{D8FE7450-CF58-4DF1-87CE-1B013A852418}.Debug|iPhoneSimulator.ActiveCfg = Debug|Any CPU
		{D8FE7450-CF58-4DF1-87CE-1B013A852418}.Debug|iPhoneSimulator.Build.0 = Debug|Any CPU
		{D8FE7450-CF58-4DF1-87CE-1B013A852418}.Debug|x64.ActiveCfg = Debug|Any CPU
		{D8FE7450-CF58-4DF1-87CE-1B013A852418}.Debug|x64.Build.0 = Debug|Any CPU
		{D8FE7450-CF58-4DF1-87CE-1B013A852418}.Debug|x86.ActiveCfg = Debug|Any CPU
		{D8FE7450-CF58-4DF1-87CE-1B013A852418}.Debug|x86.Build.0 = Debug|Any CPU
		{D8FE7450-CF58-4DF1-87CE-1B013A852418}.Release|Any CPU.ActiveCfg = Release|Any CPU
		{D8FE7450-CF58-4DF1-87CE-1B013A852418}.Release|Any CPU.Build.0 = Release|Any CPU
		{D8FE7450-CF58-4DF1-87CE-1B013A852418}.Release|ARM.ActiveCfg = Release|Any CPU
		{D8FE7450-CF58-4DF1-87CE-1B013A852418}.Release|ARM.Build.0 = Release|Any CPU
		{D8FE7450-CF58-4DF1-87CE-1B013A852418}.Release|iPhone.ActiveCfg = Release|Any CPU
		{D8FE7450-CF58-4DF1-87CE-1B013A852418}.Release|iPhone.Build.0 = Release|Any CPU
		{D8FE7450-CF58-4DF1-87CE-1B013A852418}.Release|iPhoneSimulator.ActiveCfg = Release|Any CPU
		{D8FE7450-CF58-4DF1-87CE-1B013A852418}.Release|iPhoneSimulator.Build.0 = Release|Any CPU
		{D8FE7450-CF58-4DF1-87CE-1B013A852418}.Release|x64.ActiveCfg = Release|Any CPU
		{D8FE7450-CF58-4DF1-87CE-1B013A852418}.Release|x64.Build.0 = Release|Any CPU
		{D8FE7450-CF58-4DF1-87CE-1B013A852418}.Release|x86.ActiveCfg = Release|Any CPU
		{D8FE7450-CF58-4DF1-87CE-1B013A852418}.Release|x86.Build.0 = Release|Any CPU
	EndGlobalSection
	GlobalSection(SolutionProperties) = preSolution
		HideSolutionNode = FALSE
	EndGlobalSection
	GlobalSection(ExtensibilityGlobals) = postSolution
		SolutionGuid = {CC2D9294-FE4A-4AAC-A135-E335F580F306}
	EndGlobalSection
EndGlobal
